{
    ["linux|x86_64"] = {
        ["catch2#31fecfc4"] = {
            repo = {
                branch = "master",
                commit = "1edbd89f98ded8d38f04e783c26a87de8ebc3999",
                url = "https://gitlab.com/tboox/xmake-repo.git"
            },
            version = "2.13.9"
        }
    },
    __meta__ = {
        version = "1.0"
    }
}